// !$*UTF8*$!
{
	archiveVersion = 1;
	classes = {
	};
	objectVersion = 55;
	objects = {

/* Begin PBXBuildFile section */
		AA55756627A10FE2001AD4FA /* AppDelegate.swift in Sources */ = {isa = PBXBuildFile; fileRef = AA55756527A10FE2001AD4FA /* AppDelegate.swift */; };
		AA55756827A10FE2001AD4FA /* SceneDelegate.swift in Sources */ = {isa = PBXBuildFile; fileRef = AA55756727A10FE2001AD4FA /* SceneDelegate.swift */; };
		AA55756A27A10FE2001AD4FA /* ViewController.swift in Sources */ = {isa = PBXBuildFile; fileRef = AA55756927A10FE2001AD4FA /* ViewController.swift */; };
		AA55756D27A10FE2001AD4FA /* Main.storyboard in Resources */ = {isa = PBXBuildFile; fileRef = AA55756B27A10FE2001AD4FA /* Main.storyboard */; };
		AA55756F27A10FE3001AD4FA /* Assets.xcassets in Resources */ = {isa = PBXBuildFile; fileRef = AA55756E27A10FE3001AD4FA /* Assets.xcassets */; };
		AA55757227A10FE3001AD4FA /* LaunchScreen.storyboard in Resources */ = {isa = PBXBuildFile; fileRef = AA55757027A10FE3001AD4FA /* LaunchScreen.storyboard */; };
		AA55757D27A10FE3001AD4FA /* Flow_testTests.swift in Sources */ = {isa = PBXBuildFile; fileRef = AA55757C27A10FE3001AD4FA /* Flow_testTests.swift */; };
		AA55758727A10FE3001AD4FA /* Flow_testUITests.swift in Sources */ = {isa = PBXBuildFile; fileRef = AA55758627A10FE3001AD4FA /* Flow_testUITests.swift */; };
		AA55758927A10FE3001AD4FA /* Flow_testUITestsLaunchTests.swift in Sources */ = {isa = PBXBuildFile; fileRef = AA55758827A10FE3001AD4FA /* Flow_testUITestsLaunchTests.swift */; };
/* End PBXBuildFile section */

/* Begin PBXContainerItemProxy section */
		AA55757927A10FE3001AD4FA /* PBXContainerItemProxy */ = {
			isa = PBXContainerItemProxy;
			containerPortal = AA55755A27A10FE2001AD4FA /* Project object */;
			proxyType = 1;
			remoteGlobalIDString = AA55756127A10FE2001AD4FA;
			remoteInfo = Flow_test;
		};
		AA55758327A10FE3001AD4FA /* PBXContainerItemProxy */ = {
			isa = PBXContainerItemProxy;
			containerPortal = AA55755A27A10FE2001AD4FA /* Project object */;
			proxyType = 1;
			remoteGlobalIDString = AA55756127A10FE2001AD4FA;
			remoteInfo = Flow_test;
		};
/* End PBXContainerItemProxy section */

/* Begin PBXFileReference section */
		AA55756227A10FE2001AD4FA /* Flow_test.app */ = {isa = PBXFileReference; explicitFileType = wrapper.application; includeInIndex = 0; path = Flow_test.app; sourceTree = BUILT_PRODUCTS_DIR; };
		AA55756527A10FE2001AD4FA /* AppDelegate.swift */ = {isa = PBXFileReference; lastKnownFileType = sourcecode.swift; path = AppDelegate.swift; sourceTree = "<group>"; };
		AA55756727A10FE2001AD4FA /* SceneDelegate.swift */ = {isa = PBXFileReference; lastKnownFileType = sourcecode.swift; path = SceneDelegate.swift; sourceTree = "<group>"; };
		AA55756927A10FE2001AD4FA /* ViewController.swift */ = {isa = PBXFileReference; lastKnownFileType = sourcecode.swift; path = ViewController.swift; sourceTree = "<group>"; };
		AA55756C27A10FE2001AD4FA /* Base */ = {isa = PBXFileReference; lastKnownFileType = file.storyboard; name = Base; path = Base.lproj/Main.storyboard; sourceTree = "<group>"; };
		AA55756E27A10FE3001AD4FA /* Assets.xcassets */ = {isa = PBXFileReference; lastKnownFileType = folder.assetcatalog; path = Assets.xcassets; sourceTree = "<group>"; };
		AA55757127A10FE3001AD4FA /* Base */ = {isa = PBXFileReference; lastKnownFileType = file.storyboard; name = Base; path = Base.lproj/LaunchScreen.storyboard; sourceTree = "<group>"; };
		AA55757327A10FE3001AD4FA /* Info.plist */ = {isa = PBXFileReference; lastKnownFileType = text.plist.xml; path = Info.plist; sourceTree = "<group>"; };
		AA55757827A10FE3001AD4FA /* Flow_testTests.xctest */ = {isa = PBXFileReference; explicitFileType = wrapper.cfbundle; includeInIndex = 0; path = Flow_testTests.xctest; sourceTree = BUILT_PRODUCTS_DIR; };
		AA55757C27A10FE3001AD4FA /* Flow_testTests.swift */ = {isa = PBXFileReference; lastKnownFileType = sourcecode.swift; path = Flow_testTests.swift; sourceTree = "<group>"; };
		AA55758227A10FE3001AD4FA /* Flow_testUITests.xctest */ = {isa = PBXFileReference; explicitFileType = wrapper.cfbundle; includeInIndex = 0; path = Flow_testUITests.xctest; sourceTree = BUILT_PRODUCTS_DIR; };
		AA55758627A10FE3001AD4FA /* Flow_testUITests.swift */ = {isa = PBXFileReference; lastKnownFileType = sourcecode.swift; path = Flow_testUITests.swift; sourceTree = "<group>"; };
		AA55758827A10FE3001AD4FA /* Flow_testUITestsLaunchTests.swift */ = {isa = PBXFileReference; lastKnownFileType = sourcecode.swift; path = Flow_testUITestsLaunchTests.swift; sourceTree = "<group>"; };
/* End PBXFileReference section */

/* Begin PBXFrameworksBuildPhase section */
		AA55755F27A10FE2001AD4FA /* Frameworks */ = {
			isa = PBXFrameworksBuildPhase;
			buildActionMask = 2147483647;
			files = (
			);
			runOnlyForDeploymentPostprocessing = 0;
		};
		AA55757527A10FE3001AD4FA /* Frameworks */ = {
			isa = PBXFrameworksBuildPhase;
			buildActionMask = 2147483647;
			files = (
			);
			runOnlyForDeploymentPostprocessing = 0;
		};
		AA55757F27A10FE3001AD4FA /* Frameworks */ = {
			isa = PBXFrameworksBuildPhase;
			buildActionMask = 2147483647;
			files = (
			);
			runOnlyForDeploymentPostprocessing = 0;
		};
/* End PBXFrameworksBuildPhase section */

/* Begin PBXGroup section */
		AA55755927A10FE2001AD4FA = {
			isa = PBXGroup;
			children = (
				AA55756427A10FE2001AD4FA /* Flow_test */,
				AA55757B27A10FE3001AD4FA /* Flow_testTests */,
				AA55758527A10FE3001AD4FA /* Flow_testUITests */,
				AA55756327A10FE2001AD4FA /* Products */,
			);
			sourceTree = "<group>";
		};
		AA55756327A10FE2001AD4FA /* Products */ = {
			isa = PBXGroup;
			children = (
				AA55756227A10FE2001AD4FA /* Flow_test.app */,
				AA55757827A10FE3001AD4FA /* Flow_testTests.xctest */,
				AA55758227A10FE3001AD4FA /* Flow_testUITests.xctest */,
			);
			name = Products;
			sourceTree = "<group>";
		};
		AA55756427A10FE2001AD4FA /* Flow_test */ = {
			isa = PBXGroup;
			children = (
				AA55756527A10FE2001AD4FA /* AppDelegate.swift */,
				AA55756727A10FE2001AD4FA /* SceneDelegate.swift */,
				AA55756927A10FE2001AD4FA /* ViewController.swift */,
				AA55756B27A10FE2001AD4FA /* Main.storyboard */,
				AA55756E27A10FE3001AD4FA /* Assets.xcassets */,
				AA55757027A10FE3001AD4FA /* LaunchScreen.storyboard */,
				AA55757327A10FE3001AD4FA /* Info.plist */,
			);
			path = Flow_test;
			sourceTree = "<group>";
		};
		AA55757B27A10FE3001AD4FA /* Flow_testTests */ = {
			isa = PBXGroup;
			children = (
				AA55757C27A10FE3001AD4FA /* Flow_testTests.swift */,
			);
			path = Flow_testTests;
			sourceTree = "<group>";
		};
		AA55758527A10FE3001AD4FA /* Flow_testUITests */ = {
			isa = PBXGroup;
			children = (
				AA55758627A10FE3001AD4FA /* Flow_testUITests.swift */,
				AA55758827A10FE3001AD4FA /* Flow_testUITestsLaunchTests.swift */,
			);
			path = Flow_testUITests;
			sourceTree = "<group>";
		};
/* End PBXGroup section */

/* Begin PBXNativeTarget section */
		AA55756127A10FE2001AD4FA /* Flow_test */ = {
			isa = PBXNativeTarget;
			buildConfigurationList = AA55758C27A10FE3001AD4FA /* Build configuration list for PBXNativeTarget "Flow_test" */;
			buildPhases = (
				AA55755E27A10FE2001AD4FA /* Sources */,
				AA55755F27A10FE2001AD4FA /* Frameworks */,
				AA55756027A10FE2001AD4FA /* Resources */,
			);
			buildRules = (
			);
			dependencies = (
			);
			name = Flow_test;
			productName = Flow_test;
			productReference = AA55756227A10FE2001AD4FA /* Flow_test.app */;
			productType = "com.apple.product-type.application";
		};
		AA55757727A10FE3001AD4FA /* Flow_testTests */ = {
			isa = PBXNativeTarget;
			buildConfigurationList = AA55758F27A10FE3001AD4FA /* Build configuration list for PBXNativeTarget "Flow_testTests" */;
			buildPhases = (
				AA55757427A10FE3001AD4FA /* Sources */,
				AA55757527A10FE3001AD4FA /* Frameworks */,
				AA55757627A10FE3001AD4FA /* Resources */,
			);
			buildRules = (
			);
			dependencies = (
				AA55757A27A10FE3001AD4FA /* PBXTargetDependency */,
			);
			name = Flow_testTests;
			productName = Flow_testTests;
			productReference = AA55757827A10FE3001AD4FA /* Flow_testTests.xctest */;
			productType = "com.apple.product-type.bundle.unit-test";
		};
		AA55758127A10FE3001AD4FA /* Flow_testUITests */ = {
			isa = PBXNativeTarget;
			buildConfigurationList = AA55759227A10FE3001AD4FA /* Build configuration list for PBXNativeTarget "Flow_testUITests" */;
			buildPhases = (
				AA55757E27A10FE3001AD4FA /* Sources */,
				AA55757F27A10FE3001AD4FA /* Frameworks */,
				AA55758027A10FE3001AD4FA /* Resources */,
			);
			buildRules = (
			);
			dependencies = (
				AA55758427A10FE3001AD4FA /* PBXTargetDependency */,
			);
			name = Flow_testUITests;
			productName = Flow_testUITests;
			productReference = AA55758227A10FE3001AD4FA /* Flow_testUITests.xctest */;
			productType = "com.apple.product-type.bundle.ui-testing";
		};
/* End PBXNativeTarget section */

/* Begin PBXProject section */
		AA55755A27A10FE2001AD4FA /* Project object */ = {
			isa = PBXProject;
			attributes = {
				BuildIndependentTargetsInParallel = 1;
				LastSwiftUpdateCheck = 1300;
				LastUpgradeCheck = 1300;
				TargetAttributes = {
					AA55756127A10FE2001AD4FA = {
						CreatedOnToolsVersion = 13.0;
					};
					AA55757727A10FE3001AD4FA = {
						CreatedOnToolsVersion = 13.0;
						TestTargetID = AA55756127A10FE2001AD4FA;
					};
					AA55758127A10FE3001AD4FA = {
						CreatedOnToolsVersion = 13.0;
						TestTargetID = AA55756127A10FE2001AD4FA;
					};
				};
			};
			buildConfigurationList = AA55755D27A10FE2001AD4FA /* Build configuration list for PBXProject "Flow_test" */;
			compatibilityVersion = "Xcode 13.0";
			developmentRegion = en;
			hasScannedForEncodings = 0;
			knownRegions = (
				en,
				Base,
			);
			mainGroup = AA55755927A10FE2001AD4FA;
			productRefGroup = AA55756327A10FE2001AD4FA /* Products */;
			projectDirPath = "";
			projectRoot = "";
			targets = (
				AA55756127A10FE2001AD4FA /* Flow_test */,
				AA55757727A10FE3001AD4FA /* Flow_testTests */,
				AA55758127A10FE3001AD4FA /* Flow_testUITests */,
			);
		};
/* End PBXProject section */

/* Begin PBXResourcesBuildPhase section */
		AA55756027A10FE2001AD4FA /* Resources */ = {
			isa = PBXResourcesBuildPhase;
			buildActionMask = 2147483647;
			files = (
				AA55757227A10FE3001AD4FA /* LaunchScreen.storyboard in Resources */,
				AA55756F27A10FE3001AD4FA /* Assets.xcassets in Resources */,
				AA55756D27A10FE2001AD4FA /* Main.storyboard in Resources */,
			);
			runOnlyForDeploymentPostprocessing = 0;
		};
		AA55757627A10FE3001AD4FA /* Resources */ = {
			isa = PBXResourcesBuildPhase;
			buildActionMask = 2147483647;
			files = (
			);
			runOnlyForDeploymentPostprocessing = 0;
		};
		AA55758027A10FE3001AD4FA /* Resources */ = {
			isa = PBXResourcesBuildPhase;
			buildActionMask = 2147483647;
			files = (
			);
			runOnlyForDeploymentPostprocessing = 0;
		};
/* End PBXResourcesBuildPhase section */

/* Begin PBXSourcesBuildPhase section */
		AA55755E27A10FE2001AD4FA /* Sources */ = {
			isa = PBXSourcesBuildPhase;
			buildActionMask = 2147483647;
			files = (
				AA55756A27A10FE2001AD4FA /* ViewController.swift in Sources */,
				AA55756627A10FE2001AD4FA /* AppDelegate.swift in Sources */,
				AA55756827A10FE2001AD4FA /* SceneDelegate.swift in Sources */,
			);
			runOnlyForDeploymentPostprocessing = 0;
		};
		AA55757427A10FE3001AD4FA /* Sources */ = {
			isa = PBXSourcesBuildPhase;
			buildActionMask = 2147483647;
			files = (
				AA55757D27A10FE3001AD4FA /* Flow_testTests.swift in Sources */,
			);
			runOnlyForDeploymentPostprocessing = 0;
		};
		AA55757E27A10FE3001AD4FA /* Sources */ = {
			isa = PBXSourcesBuildPhase;
			buildActionMask = 2147483647;
			files = (
				AA55758927A10FE3001AD4FA /* Flow_testUITestsLaunchTests.swift in Sources */,
				AA55758727A10FE3001AD4FA /* Flow_testUITests.swift in Sources */,
			);
			runOnlyForDeploymentPostprocessing = 0;
		};
/* End PBXSourcesBuildPhase section */

/* Begin PBXTargetDependency section */
		AA55757A27A10FE3001AD4FA /* PBXTargetDependency */ = {
			isa = PBXTargetDependency;
			target = AA55756127A10FE2001AD4FA /* Flow_test */;
			targetProxy = AA55757927A10FE3001AD4FA /* PBXContainerItemProxy */;
		};
		AA55758427A10FE3001AD4FA /* PBXTargetDependency */ = {
			isa = PBXTargetDependency;
			target = AA55756127A10FE2001AD4FA /* Flow_test */;
			targetProxy = AA55758327A10FE3001AD4FA /* PBXContainerItemProxy */;
		};
/* End PBXTargetDependency section */

/* Begin PBXVariantGroup section */
		AA55756B27A10FE2001AD4FA /* Main.storyboard */ = {
			isa = PBXVariantGroup;
			children = (
				AA55756C27A10FE2001AD4FA /* Base */,
			);
			name = Main.storyboard;
			sourceTree = "<group>";
		};
		AA55757027A10FE3001AD4FA /* LaunchScreen.storyboard */ = {
			isa = PBXVariantGroup;
			children = (
				AA55757127A10FE3001AD4FA /* Base */,
			);
			name = LaunchScreen.storyboard;
			sourceTree = "<group>";
		};
/* End PBXVariantGroup section */

/* Begin XCBuildConfiguration section */
		AA55758A27A10FE3001AD4FA /* Debug */ = {
			isa = XCBuildConfiguration;
			buildSettings = {
				ALWAYS_SEARCH_USER_PATHS = NO;
				CLANG_ANALYZER_NONNULL = YES;
				CLANG_ANALYZER_NUMBER_OBJECT_CONVERSION = YES_AGGRESSIVE;
				CLANG_CXX_LANGUAGE_STANDARD = "gnu++17";
				CLANG_CXX_LIBRARY = "libc++";
				CLANG_ENABLE_MODULES = YES;
				CLANG_ENABLE_OBJC_ARC = YES;
				CLANG_ENABLE_OBJC_WEAK = YES;
				CLANG_WARN_BLOCK_CAPTURE_AUTORELEASING = YES;
				CLANG_WARN_BOOL_CONVERSION = YES;
				CLANG_WARN_COMMA = YES;
				CLANG_WARN_CONSTANT_CONVERSION = YES;
				CLANG_WARN_DEPRECATED_OBJC_IMPLEMENTATIONS = YES;
				CLANG_WARN_DIRECT_OBJC_ISA_USAGE = YES_ERROR;
				CLANG_WARN_DOCUMENTATION_COMMENTS = YES;
				CLANG_WARN_EMPTY_BODY = YES;
				CLANG_WARN_ENUM_CONVERSION = YES;
				CLANG_WARN_INFINITE_RECURSION = YES;
				CLANG_WARN_INT_CONVERSION = YES;
				CLANG_WARN_NON_LITERAL_NULL_CONVERSION = YES;
				CLANG_WARN_OBJC_IMPLICIT_RETAIN_SELF = YES;
				CLANG_WARN_OBJC_LITERAL_CONVERSION = YES;
				CLANG_WARN_OBJC_ROOT_CLASS = YES_ERROR;
				CLANG_WARN_QUOTED_INCLUDE_IN_FRAMEWORK_HEADER = YES;
				CLANG_WARN_RANGE_LOOP_ANALYSIS = YES;
				CLANG_WARN_STRICT_PROTOTYPES = YES;
				CLANG_WARN_SUSPICIOUS_MOVE = YES;
				CLANG_WARN_UNGUARDED_AVAILABILITY = YES_AGGRESSIVE;
				CLANG_WARN_UNREACHABLE_CODE = YES;
				CLANG_WARN__DUPLICATE_METHOD_MATCH = YES;
				COPY_PHASE_STRIP = NO;
				DEBUG_INFORMATION_FORMAT = dwarf;
				ENABLE_STRICT_OBJC_MSGSEND = YES;
				ENABLE_TESTABILITY = YES;
				GCC_C_LANGUAGE_STANDARD = gnu11;
				GCC_DYNAMIC_NO_PIC = NO;
				GCC_NO_COMMON_BLOCKS = YES;
				GCC_OPTIMIZATION_LEVEL = 0;
				GCC_PREPROCESSOR_DEFINITIONS = (
					"DEBUG=1",
					"$(inherited)",
				);
				GCC_WARN_64_TO_32_BIT_CONVERSION = YES;
				GCC_WARN_ABOUT_RETURN_TYPE = YES_ERROR;
				GCC_WARN_UNDECLARED_SELECTOR = YES;
				GCC_WARN_UNINITIALIZED_AUTOS = YES_AGGRESSIVE;
				GCC_WARN_UNUSED_FUNCTION = YES;
				GCC_WARN_UNUSED_VARIABLE = YES;
				IPHONEOS_DEPLOYMENT_TARGET = 15.0;
				MTL_ENABLE_DEBUG_INFO = INCLUDE_SOURCE;
				MTL_FAST_MATH = YES;
				ONLY_ACTIVE_ARCH = YES;
				SDKROOT = iphoneos;
				SWIFT_ACTIVE_COMPILATION_CONDITIONS = DEBUG;
				SWIFT_OPTIMIZATION_LEVEL = "-Onone";
			};
			name = Debug;
		};
		AA55758B27A10FE3001AD4FA /* Release */ = {
			isa = XCBuildConfiguration;
			buildSettings = {
				ALWAYS_SEARCH_USER_PATHS = NO;
				CLANG_ANALYZER_NONNULL = YES;
				CLANG_ANALYZER_NUMBER_OBJECT_CONVERSION = YES_AGGRESSIVE;
				CLANG_CXX_LANGUAGE_STANDARD = "gnu++17";
				CLANG_CXX_LIBRARY = "libc++";
				CLANG_ENABLE_MODULES = YES;
				CLANG_ENABLE_OBJC_ARC = YES;
				CLANG_ENABLE_OBJC_WEAK = YES;
				CLANG_WARN_BLOCK_CAPTURE_AUTORELEASING = YES;
				CLANG_WARN_BOOL_CONVERSION = YES;
				CLANG_WARN_COMMA = YES;
				CLANG_WARN_CONSTANT_CONVERSION = YES;
				CLANG_WARN_DEPRECATED_OBJC_IMPLEMENTATIONS = YES;
				CLANG_WARN_DIRECT_OBJC_ISA_USAGE = YES_ERROR;
				CLANG_WARN_DOCUMENTATION_COMMENTS = YES;
				CLANG_WARN_EMPTY_BODY = YES;
				CLANG_WARN_ENUM_CONVERSION = YES;
				CLANG_WARN_INFINITE_RECURSION = YES;
				CLANG_WARN_INT_CONVERSION = YES;
				CLANG_WARN_NON_LITERAL_NULL_CONVERSION = YES;
				CLANG_WARN_OBJC_IMPLICIT_RETAIN_SELF = YES;
				CLANG_WARN_OBJC_LITERAL_CONVERSION = YES;
				CLANG_WARN_OBJC_ROOT_CLASS = YES_ERROR;
				CLANG_WARN_QUOTED_INCLUDE_IN_FRAMEWORK_HEADER = YES;
				CLANG_WARN_RANGE_LOOP_ANALYSIS = YES;
				CLANG_WARN_STRICT_PROTOTYPES = YES;
				CLANG_WARN_SUSPICIOUS_MOVE = YES;
				CLANG_WARN_UNGUARDED_AVAILABILITY = YES_AGGRESSIVE;
				CLANG_WARN_UNREACHABLE_CODE = YES;
				CLANG_WARN__DUPLICATE_METHOD_MATCH = YES;
				COPY_PHASE_STRIP = NO;
				DEBUG_INFORMATION_FORMAT = "dwarf-with-dsym";
				ENABLE_NS_ASSERTIONS = NO;
				ENABLE_STRICT_OBJC_MSGSEND = YES;
				GCC_C_LANGUAGE_STANDARD = gnu11;
				GCC_NO_COMMON_BLOCKS = YES;
				GCC_WARN_64_TO_32_BIT_CONVERSION = YES;
				GCC_WARN_ABOUT_RETURN_TYPE = YES_ERROR;
				GCC_WARN_UNDECLARED_SELECTOR = YES;
				GCC_WARN_UNINITIALIZED_AUTOS = YES_AGGRESSIVE;
				GCC_WARN_UNUSED_FUNCTION = YES;
				GCC_WARN_UNUSED_VARIABLE = YES;
				IPHONEOS_DEPLOYMENT_TARGET = 15.0;
				MTL_ENABLE_DEBUG_INFO = NO;
				MTL_FAST_MATH = YES;
				SDKROOT = iphoneos;
				SWIFT_COMPILATION_MODE = wholemodule;
				SWIFT_OPTIMIZATION_LEVEL = "-O";
				VALIDATE_PRODUCT = YES;
			};
			name = Release;
		};
		AA55758D27A10FE3001AD4FA /* Debug */ = {
			isa = XCBuildConfiguration;
			buildSettings = {
				ASSETCATALOG_COMPILER_APPICON_NAME = AppIcon;
				ASSETCATALOG_COMPILER_GLOBAL_ACCENT_COLOR_NAME = AccentColor;
				CODE_SIGN_STYLE = Automatic;
				CURRENT_PROJECT_VERSION = 1;
				DEVELOPMENT_TEAM = FJ834JY584;
				GENERATE_INFOPLIST_FILE = YES;
				INFOPLIST_FILE = Flow_test/Info.plist;
				INFOPLIST_KEY_UIApplicationSupportsIndirectInputEvents = YES;
				INFOPLIST_KEY_UILaunchStoryboardName = LaunchScreen;
				INFOPLIST_KEY_UIMainStoryboardFile = Main;
				INFOPLIST_KEY_UISupportedInterfaceOrientations_iPad = "UIInterfaceOrientationPortrait UIInterfaceOrientationPortraitUpsideDown UIInterfaceOrientationLandscapeLeft UIInterfaceOrientationLandscapeRight";
				INFOPLIST_KEY_UISupportedInterfaceOrientations_iPhone = "UIInterfaceOrientationPortrait UIInterfaceOrientationLandscapeLeft UIInterfaceOrientationLandscapeRight";
				LD_RUNPATH_SEARCH_PATHS = (
					"$(inherited)",
					"@executable_path/Frameworks",
				);
				MARKETING_VERSION = 1.0;
				PRODUCT_BUNDLE_IDENTIFIER = "com.kkv.Flow-test";
				PRODUCT_NAME = "$(TARGET_NAME)";
				SWIFT_EMIT_LOC_STRINGS = YES;
				SWIFT_VERSION = 5.0;
				TARGETED_DEVICE_FAMILY = "1,2";
			};
			name = Debug;
		};
		AA55758E27A10FE3001AD4FA /* Release */ = {
			isa = XCBuildConfiguration;
			buildSettings = {
				ASSETCATALOG_COMPILER_APPICON_NAME = AppIcon;
				ASSETCATALOG_COMPILER_GLOBAL_ACCENT_COLOR_NAME = AccentColor;
				CODE_SIGN_STYLE = Automatic;
				CURRENT_PROJECT_VERSION = 1;
				DEVELOPMENT_TEAM = FJ834JY584;
				GENERATE_INFOPLIST_FILE = YES;
				INFOPLIST_FILE = Flow_test/Info.plist;
				INFOPLIST_KEY_UIApplicationSupportsIndirectInputEvents = YES;
				INFOPLIST_KEY_UILaunchStoryboardName = LaunchScreen;
				INFOPLIST_KEY_UIMainStoryboardFile = Main;
				INFOPLIST_KEY_UISupportedInterfaceOrientations_iPad = "UIInterfaceOrientationPortrait UIInterfaceOrientationPortraitUpsideDown UIInterfaceOrientationLandscapeLeft UIInterfaceOrientationLandscapeRight";
				INFOPLIST_KEY_UISupportedInterfaceOrientations_iPhone = "UIInterfaceOrientationPortrait UIInterfaceOrientationLandscapeLeft UIInterfaceOrientationLandscapeRight";
				LD_RUNPATH_SEARCH_PATHS = (
					"$(inherited)",
					"@executable_path/Frameworks",
				);
				MARKETING_VERSION = 1.0;
				PRODUCT_BUNDLE_IDENTIFIER = "com.kkv.Flow-test";
				PRODUCT_NAME = "$(TARGET_NAME)";
				SWIFT_EMIT_LOC_STRINGS = YES;
				SWIFT_VERSION = 5.0;
				TARGETED_DEVICE_FAMILY = "1,2";
			};
			name = Release;
		};
		AA55759027A10FE3001AD4FA /* Debug */ = {
			isa = XCBuildConfiguration;
			buildSettings = {
				ALWAYS_EMBED_SWIFT_STANDARD_LIBRARIES = YES;
				BUNDLE_LOADER = "$(TEST_HOST)";
				CODE_SIGN_STYLE = Automatic;
				CURRENT_PROJECT_VERSION = 1;
				DEVELOPMENT_TEAM = FJ834JY584;
				GENERATE_INFOPLIST_FILE = YES;
				IPHONEOS_DEPLOYMENT_TARGET = 15.0;
				LD_RUNPATH_SEARCH_PATHS = (
					"$(inherited)",
					"@executable_path/Frameworks",
					"@loader_path/Frameworks",
				);
				MARKETING_VERSION = 1.0;
				PRODUCT_BUNDLE_IDENTIFIER = "com.kkv.Flow-testTests";
				PRODUCT_NAME = "$(TARGET_NAME)";
				SWIFT_EMIT_LOC_STRINGS = NO;
				SWIFT_VERSION = 5.0;
				TARGETED_DEVICE_FAMILY = "1,2";
				TEST_HOST = "$(BUILT_PRODUCTS_DIR)/Flow_test.app/Flow_test";
			};
			name = Debug;
		};
		AA55759127A10FE3001AD4FA /* Release */ = {
			isa = XCBuildConfiguration;
			buildSettings = {
				ALWAYS_EMBED_SWIFT_STANDARD_LIBRARIES = YES;
				BUNDLE_LOADER = "$(TEST_HOST)";
				CODE_SIGN_STYLE = Automatic;
				CURRENT_PROJECT_VERSION = 1;
				DEVELOPMENT_TEAM = FJ834JY584;
				GENERATE_INFOPLIST_FILE = YES;
				IPHONEOS_DEPLOYMENT_TARGET = 15.0;
				LD_RUNPATH_SEARCH_PATHS = (
					"$(inherited)",
					"@executable_path/Frameworks",
					"@loader_path/Frameworks",
				);
				MARKETING_VERSION = 1.0;
				PRODUCT_BUNDLE_IDENTIFIER = "com.kkv.Flow-testTests";
				PRODUCT_NAME = "$(TARGET_NAME)";
				SWIFT_EMIT_LOC_STRINGS = NO;
				SWIFT_VERSION = 5.0;
				TARGETED_DEVICE_FAMILY = "1,2";
				TEST_HOST = "$(BUILT_PRODUCTS_DIR)/Flow_test.app/Flow_test";
			};
			name = Release;
		};
		AA55759327A10FE3001AD4FA /* Debug */ = {
			isa = XCBuildConfiguration;
			buildSettings = {
				ALWAYS_EMBED_SWIFT_STANDARD_LIBRARIES = YES;
				CODE_SIGN_STYLE = Automatic;
				CURRENT_PROJECT_VERSION = 1;
				DEVELOPMENT_TEAM = FJ834JY584;
				GENERATE_INFOPLIST_FILE = YES;
				LD_RUNPATH_SEARCH_PATHS = (
					"$(inherited)",
					"@executable_path/Frameworks",
					"@loader_path/Frameworks",
				);
				MARKETING_VERSION = 1.0;
				PRODUCT_BUNDLE_IDENTIFIER = "com.kkv.Flow-testUITests";
				PRODUCT_NAME = "$(TARGET_NAME)";
				SWIFT_EMIT_LOC_STRINGS = NO;
				SWIFT_VERSION = 5.0;
				TARGETED_DEVICE_FAMILY = "1,2";
				TEST_TARGET_NAME = Flow_test;
			};
			name = Debug;
		};
		AA55759427A10FE3001AD4FA /* Release */ = {
			isa = XCBuildConfiguration;
			buildSettings = {
				ALWAYS_EMBED_SWIFT_STANDARD_LIBRARIES = YES;
				CODE_SIGN_STYLE = Automatic;
				CURRENT_PROJECT_VERSION = 1;
				DEVELOPMENT_TEAM = FJ834JY584;
				GENERATE_INFOPLIST_FILE = YES;
				LD_RUNPATH_SEARCH_PATHS = (
					"$(inherited)",
					"@executable_path/Frameworks",
					"@loader_path/Frameworks",
				);
				MARKETING_VERSION = 1.0;
				PRODUCT_BUNDLE_IDENTIFIER = "com.kkv.Flow-testUITests";
				PRODUCT_NAME = "$(TARGET_NAME)";
				SWIFT_EMIT_LOC_STRINGS = NO;
				SWIFT_VERSION = 5.0;
				TARGETED_DEVICE_FAMILY = "1,2";
				TEST_TARGET_NAME = Flow_test;
			};
			name = Release;
		};
/* End XCBuildConfiguration section */

/* Begin XCConfigurationList section */
		AA55755D27A10FE2001AD4FA /* Build configuration list for PBXProject "Flow_test" */ = {
			isa = XCConfigurationList;
			buildConfigurations = (
				AA55758A27A10FE3001AD4FA /* Debug */,
				AA55758B27A10FE3001AD4FA /* Release */,
			);
			defaultConfigurationIsVisible = 0;
			defaultConfigurationName = Release;
		};
		AA55758C27A10FE3001AD4FA /* Build configuration list for PBXNativeTarget "Flow_test" */ = {
			isa = XCConfigurationList;
			buildConfigurations = (
				AA55758D27A10FE3001AD4FA /* Debug */,
				AA55758E27A10FE3001AD4FA /* Release */,
			);
			defaultConfigurationIsVisible = 0;
			defaultConfigurationName = Release;
		};
		AA55758F27A10FE3001AD4FA /* Build configuration list for PBXNativeTarget "Flow_testTests" */ = {
			isa = XCConfigurationList;
			buildConfigurations = (
				AA55759027A10FE3001AD4FA /* Debug */,
				AA55759127A10FE3001AD4FA /* Release */,
			);
			defaultConfigurationIsVisible = 0;
			defaultConfigurationName = Release;
		};
		AA55759227A10FE3001AD4FA /* Build configuration list for PBXNativeTarget "Flow_testUITests" */ = {
			isa = XCConfigurationList;
			buildConfigurations = (
				AA55759327A10FE3001AD4FA /* Debug */,
				AA55759427A10FE3001AD4FA /* Release */,
			);
			defaultConfigurationIsVisible = 0;
			defaultConfigurationName = Release;
		};
/* End XCConfigurationList section */
	};
	rootObject = AA55755A27A10FE2001AD4FA /* Project object */;
}
